
Microsoft Visual Studio Solution File, Format Version 12.00
# Visual Studio Version 16
VisualStudioVersion = 16.0.30523.141
MinimumVisualStudioVersion = 10.0.40219.1
Project("{FAE04EC0-301F-11D3-BF4B-00C04F79EFBC}") = "lb8", "lb8\lb8.csproj", "{77620DF2-3C5D-49C7-A40B-76F5D7E99CD0}"
EndProject
Project("{FAE04EC0-301F-11D3-BF4B-00C04F79EFBC}") = "Web", "Web\Web.csproj", "{23C3B77B-5923-4D13-B78C-61A038D90613}"
EndProject
Project("{FAE04EC0-301F-11D3-BF4B-00C04F79EFBC}") = "WebTest", "WebTest\WebTest.csproj", "{9A0CC171-8FDF-4F33-9569-53968B197D2A}"
	ProjectSection(ProjectDependencies) = postProject
		{23C3B77B-5923-4D13-B78C-61A038D90613} = {23C3B77B-5923-4D13-B78C-61A038D90613}
	EndProjectSection
EndProject
Global
	GlobalSection(SolutionConfigurationPlatforms) = preSolution
		Debug|Any CPU = Debug|Any CPU
		Release|Any CPU = Release|Any CPU
	EndGlobalSection
	GlobalSection(ProjectConfigurationPlatforms) = postSolution
		{77620DF2-3C5D-49C7-A40B-76F5D7E99CD0}.Debug|Any CPU.ActiveCfg = Debug|Any CPU
		{77620DF2-3C5D-49C7-A40B-76F5D7E99CD0}.Debug|Any CPU.Build.0 = Debug|Any CPU
		{77620DF2-3C5D-49C7-A40B-76F5D7E99CD0}.Release|Any CPU.ActiveCfg = Release|Any CPU
		{77620DF2-3C5D-49C7-A40B-76F5D7E99CD0}.Release|Any CPU.Build.0 = Release|Any CPU
		{23C3B77B-5923-4D13-B78C-61A038D90613}.Debug|Any CPU.ActiveCfg = Debug|Any CPU
		{23C3B77B-5923-4D13-B78C-61A038D90613}.Debug|Any CPU.Build.0 = Debug|Any CPU
		{23C3B77B-5923-4D13-B78C-61A038D90613}.Release|Any CPU.ActiveCfg = Release|Any CPU
		{23C3B77B-5923-4D13-B78C-61A038D90613}.Release|Any CPU.Build.0 = Release|Any CPU
		{9A0CC171-8FDF-4F33-9569-53968B197D2A}.Debug|Any CPU.ActiveCfg = Debug|Any CPU
		{9A0CC171-8FDF-4F33-9569-53968B197D2A}.Debug|Any CPU.Build.0 = Debug|Any CPU
		{9A0CC171-8FDF-4F33-9569-53968B197D2A}.Release|Any CPU.ActiveCfg = Release|Any CPU
		{9A0CC171-8FDF-4F33-9569-53968B197D2A}.Release|Any CPU.Build.0 = Release|Any CPU
	EndGlobalSection
	GlobalSection(SolutionProperties) = preSolution
		HideSolutionNode = FALSE
	EndGlobalSection
	GlobalSection(ExtensibilityGlobals) = postSolution
		SolutionGuid = {7E7F2923-D621-47A9-BDEF-A4ACA29C595F}
	EndGlobalSection
EndGlobal
